<Solution>
  <Project Path="ExcelToSqlClients.Core/ExcelToSqlClients.Core.csproj" />
  <Project Path="ExcelToSqlClients.Desktop.WPF/ExcelToSqlClients.Desktop.WPF.csproj" />
  <Project Path="ExcelToSqlClients.Import.Console/ExcelToSqlClients.Import.Console.csproj" />
  <Project Path="ExcelToSqlClients.Infrastructure/ExcelToSqlClients.Infrastructure.csproj" />
</Solution>
